github.com/andrewstucki/filetype v1.0.13-0.20200422184044-a016e5085d46 h1:579HeGNpgHhROA8WqoYXR3KbGHjwb1xlE5u1OWZN8Pc=
github.com/andrewstucki/filetype v1.0.13-0.20200422184044-a016e5085d46/go.mod h1:319b3zT68BvV+WRj7cwy856M2ehB3HqNOt6sy1HndBY=
github.com/andrewstucki/filetype v1.0.13-0.20200425031130-0002fd52509a h1:Ls8CWmDO2Dtz9ZUgLdtxLXEwE1HmtSIz8tV9AFlhOqo=
github.com/andrewstucki/filetype v1.0.13-0.20200425031130-0002fd52509a/go.mod h1:319b3zT68BvV+WRj7cwy856M2ehB3HqNOt6sy1HndBY=
github.com/andrewstucki/filetype v1.0.13-0.20200425031337-40726cb2be59 h1:jJLB7IBX31xhEviJypJLII16evjQbARX0CRrUECaHYM=
github.com/andrewstucki/filetype v1.0.13-0.20200425031337-40726cb2be59/go.mod h1:319b3zT68BvV+WRj7cwy856M2ehB3HqNOt6sy1HndBY=
github.com/andrewstucki/filetype v1.0.13-0.20200425031818-634ae08fdca3 h1:bGOOEyO0GaBPDrMD2c2ApoCCFKEkIyhyZ0h4J52ZhY4=
github.com/andrewstucki/filetype v1.0.13-0.20200425031818-634ae08fdca3/go.mod h1:319b3zT68BvV+WRj7cwy856M2ehB3HqNOt6sy1HndBY=
github.com/andrewstucki/filetype v1.0.13-0.20200425042154-bca8f8b8925b h1:iKDsoD/cMj3zL48WRHfimc7QHWRWlHE1YzUuawLMKC0=
github.com/andrewstucki/filetype v1.0.13-0.20200425042154-bca8f8b8925b/go.mod h1:319b3zT68BvV+WRj7cwy856M2ehB3HqNOt6sy1HndBY=
github.com/davecgh/go-spew v1.1.0 h1:ZDRjVQ15GmhC3fiQ8ni8+OwkZQO4DARzQgrnXU1Liz8=
github.com/davecgh/go-spew v1.1.0/go.mod h1:J7Y8YcW2NihsgmVo/mv3lAwl/skON4iLHjSsI+c5H38=
github.com/knightsc/gapstone v4.0.1+incompatible h1:yROPRgpqBWgD/7fyH3+AJ2hQR4gYfKNFGnKcNY8HPIA=
github.com/knightsc/gapstone v4.0.1+incompatible/go.mod h1:N9Q82fxOi8Fp9pHE2eflNZf5/FSg1815WZFhV8Gc2PE=
github.com/pmezard/go-difflib v1.0.0 h1:4DBwDE0NGyQoBHbLQYPwSUPoCMWR5BEzIk/f1lZbAQM=
github.com/pmezard/go-difflib v1.0.0/go.mod h1:iKH77koFhYxTK1pcRnkKkqfTogsbg7gZNVY4sRDYZ/4=
github.com/stretchr/objx v0.1.0/go.mod h1:HFkY916IF+rwdDfMAkV7OtwuqBVzrE8GR6GFx+wExME=
github.com/stretchr/testify v1.5.1 h1:nOGnQDM7FYENwehXlg/kFVnos3rEvtKTjRvOWSzb6H4=
github.com/stretchr/testify v1.5.1/go.mod h1:5W2xD1RspED5o8YsWQXVCued0rvSQ+mT+I5cxcmMvtA=
gopkg.in/check.v1 v0.0.0-20161208181325-20d25e280405/go.mod h1:Co6ibVJAznAaIkqp8huTwlJQCZ016jof/cbN4VW5Yz0=
gopkg.in/yaml.v2 v2.2.2 h1:ZCJp+EgiOT7lHqUV2J862kp8Qj64Jo6az82+3Td9dZw=
gopkg.in/yaml.v2 v2.2.2/go.mod h1:hI93XBmqTisBFMUTm0b8Fm+jr3Dg1NNxqwp+5A1VGuI=
