github.com/blacktop/go-macho v1.1.30 h1:Wh2St776Rtl8ipqxV3TXVUdO6ZOb1R7U/Ep1/H3u89A=
github.com/blacktop/go-macho v1.1.30/go.mod h1:RFM+BXgCwyvOW0IMF4IFXKQxDbw8URyGrp38uDKGxkQ=
github.com/davecgh/go-spew v1.1.0 h1:ZDRjVQ15GmhC3fiQ8ni8+OwkZQO4DARzQgrnXU1Liz8=
github.com/davecgh/go-spew v1.1.0/go.mod h1:J7Y8YcW2NihsgmVo/mv3lAwl/skON4iLHjSsI+c5H38=
github.com/fullsailor/pkcs7 v0.0.0-20190404230743-d7302db945fa h1:RDBNVkRviHZtvDvId8XSGPu3rmpmSe+wKRcEWNgsfWU=
github.com/fullsailor/pkcs7 v0.0.0-20190404230743-d7302db945fa/go.mod h1:KnogPXtdwXqoenmZCw6S+25EAm2MkxbG0deNDu4cbSA=
github.com/go-errors/errors v1.0.2 h1:xMxH9j2fNg/L4hLn/4y3M0IUsn0M6Wbu/Uh9QlOfBh4=
github.com/go-errors/errors v1.0.2/go.mod h1:psDX2osz5VnTOnFWbDeWwS7yejl+uV3FEWEp4lssFEs=
github.com/h2non/filetype v1.1.2-0.20210202002709-95e28344e08c h1:qKQMoHGm6MTGxZuwJO17vNBEhZyeKdno3bjh7q90piM=
github.com/h2non/filetype v1.1.2-0.20210202002709-95e28344e08c/go.mod h1:319b3zT68BvV+WRj7cwy856M2ehB3HqNOt6sy1HndBY=
github.com/knightsc/gapstone v4.0.1+incompatible h1:yROPRgpqBWgD/7fyH3+AJ2hQR4gYfKNFGnKcNY8HPIA=
github.com/knightsc/gapstone v4.0.1+incompatible/go.mod h1:N9Q82fxOi8Fp9pHE2eflNZf5/FSg1815WZFhV8Gc2PE=
github.com/minio/sha256-simd v0.1.1 h1:5QHSlgo3nt5yKOJrC7W8w7X+NFl8cMPZm96iu8kKUJU=
github.com/minio/sha256-simd v0.1.1/go.mod h1:B5e1o+1/KgNmWrSQK08Y6Z1Vb5pwIktudl0J58iy0KM=
github.com/pmezard/go-difflib v1.0.0 h1:4DBwDE0NGyQoBHbLQYPwSUPoCMWR5BEzIk/f1lZbAQM=
github.com/pmezard/go-difflib v1.0.0/go.mod h1:iKH77koFhYxTK1pcRnkKkqfTogsbg7gZNVY4sRDYZ/4=
github.com/stretchr/objx v0.1.0/go.mod h1:HFkY916IF+rwdDfMAkV7OtwuqBVzrE8GR6GFx+wExME=
github.com/stretchr/testify v1.5.1 h1:nOGnQDM7FYENwehXlg/kFVnos3rEvtKTjRvOWSzb6H4=
github.com/stretchr/testify v1.5.1/go.mod h1:5W2xD1RspED5o8YsWQXVCued0rvSQ+mT+I5cxcmMvtA=
gopkg.in/check.v1 v0.0.0-20161208181325-20d25e280405 h1:yhCVgyC4o1eVCa2tZl7eS0r+SDo693bJlVdllGtEeKM=
gopkg.in/check.v1 v0.0.0-20161208181325-20d25e280405/go.mod h1:Co6ibVJAznAaIkqp8huTwlJQCZ016jof/cbN4VW5Yz0=
gopkg.in/yaml.v2 v2.2.2 h1:ZCJp+EgiOT7lHqUV2J862kp8Qj64Jo6az82+3Td9dZw=
gopkg.in/yaml.v2 v2.2.2/go.mod h1:hI93XBmqTisBFMUTm0b8Fm+jr3Dg1NNxqwp+5A1VGuI=
